
Microsoft Visual Studio Solution File, Format Version 12.00
# Visual Studio Version 16
VisualStudioVersion = 16.0.29709.97
MinimumVisualStudioVersion = 10.0.40219.1
Project("{FAE04EC0-301F-11D3-BF4B-00C04F79EFBC}") = "BlazorFiles.Api", "BlazorFiles.Api\BlazorFiles.Api.csproj", "{4BCEA325-F632-4794-9EF4-BF96017C753B}"
EndProject
Project("{FAE04EC0-301F-11D3-BF4B-00C04F79EFBC}") = "BlazorFiles.Client", "BlazorFiles.Client\BlazorFiles.Client.csproj", "{7A68534E-E56D-481A-B704-EBFFC9836A73}"
EndProject
Global
	GlobalSection(SolutionConfigurationPlatforms) = preSolution
		Debug|Any CPU = Debug|Any CPU
		Release|Any CPU = Release|Any CPU
	EndGlobalSection
	GlobalSection(ProjectConfigurationPlatforms) = postSolution
		{4BCEA325-F632-4794-9EF4-BF96017C753B}.Debug|Any CPU.ActiveCfg = Debug|Any CPU
		{4BCEA325-F632-4794-9EF4-BF96017C753B}.Debug|Any CPU.Build.0 = Debug|Any CPU
		{4BCEA325-F632-4794-9EF4-BF96017C753B}.Release|Any CPU.ActiveCfg = Release|Any CPU
		{4BCEA325-F632-4794-9EF4-BF96017C753B}.Release|Any CPU.Build.0 = Release|Any CPU
		{7A68534E-E56D-481A-B704-EBFFC9836A73}.Debug|Any CPU.ActiveCfg = Debug|Any CPU
		{7A68534E-E56D-481A-B704-EBFFC9836A73}.Debug|Any CPU.Build.0 = Debug|Any CPU
		{7A68534E-E56D-481A-B704-EBFFC9836A73}.Release|Any CPU.ActiveCfg = Release|Any CPU
		{7A68534E-E56D-481A-B704-EBFFC9836A73}.Release|Any CPU.Build.0 = Release|Any CPU
	EndGlobalSection
	GlobalSection(SolutionProperties) = preSolution
		HideSolutionNode = FALSE
	EndGlobalSection
	GlobalSection(ExtensibilityGlobals) = postSolution
		SolutionGuid = {6548FA75-8C6F-4D88-88B0-91874924A960}
	EndGlobalSection
EndGlobal
